
Microsoft Visual Studio Solution File, Format Version 12.00
# Visual Studio Version 17
VisualStudioVersion = 17.4.33122.133
MinimumVisualStudioVersion = 10.0.40219.1
Project("{FAE04EC0-301F-11D3-BF4B-00C04F79EFBC}") = "CSharpSyntax", "CSharpSyntax\CSharpSyntax.csproj", "{DD55AF25-B9ED-4B4C-8128-126BB6B4B1A1}"
EndProject
Global
	GlobalSection(SolutionConfigurationPlatforms) = preSolution
		Debug|Any CPU = Debug|Any CPU
		Release|Any CPU = Release|Any CPU
	EndGlobalSection
	GlobalSection(ProjectConfigurationPlatforms) = postSolution
		{DD55AF25-B9ED-4B4C-8128-126BB6B4B1A1}.Debug|Any CPU.ActiveCfg = Debug|Any CPU
		{DD55AF25-B9ED-4B4C-8128-126BB6B4B1A1}.Debug|Any CPU.Build.0 = Debug|Any CPU
		{DD55AF25-B9ED-4B4C-8128-126BB6B4B1A1}.Release|Any CPU.ActiveCfg = Release|Any CPU
		{DD55AF25-B9ED-4B4C-8128-126BB6B4B1A1}.Release|Any CPU.Build.0 = Release|Any CPU
	EndGlobalSection
	GlobalSection(SolutionProperties) = preSolution
		HideSolutionNode = FALSE
	EndGlobalSection
	GlobalSection(ExtensibilityGlobals) = postSolution
		SolutionGuid = {370C0316-6C39-425A-B8EC-7787078B9479}
	EndGlobalSection
EndGlobal
